
Microsoft Visual Studio Solution File, Format Version 12.00
# Visual Studio Version 16
VisualStudioVersion = 16.0.29509.3
MinimumVisualStudioVersion = 10.0.40219.1
Project("{9A19103F-16F7-4668-BE54-9A1E7A4F7556}") = "CloudImsCommon", "CloudImsCommon\CloudImsCommon.csproj", "{EB011950-6FE8-4288-BED0-5DAA6C345E40}"
EndProject
Project("{9A19103F-16F7-4668-BE54-9A1E7A4F7556}") = "Cloud-IMS-App", "Cloud-IMS-App\Cloud-IMS-App.csproj", "{69B35DFB-F4B3-4A0D-9430-4B4E3D1C2F7C}"
EndProject
Global
	GlobalSection(SolutionConfigurationPlatforms) = preSolution
		Debug|Any CPU = Debug|Any CPU
		Release|Any CPU = Release|Any CPU
	EndGlobalSection
	GlobalSection(ProjectConfigurationPlatforms) = postSolution
		{EB011950-6FE8-4288-BED0-5DAA6C345E40}.Debug|Any CPU.ActiveCfg = Debug|Any CPU
		{EB011950-6FE8-4288-BED0-5DAA6C345E40}.Debug|Any CPU.Build.0 = Debug|Any CPU
		{EB011950-6FE8-4288-BED0-5DAA6C345E40}.Release|Any CPU.ActiveCfg = Release|Any CPU
		{EB011950-6FE8-4288-BED0-5DAA6C345E40}.Release|Any CPU.Build.0 = Release|Any CPU
		{69B35DFB-F4B3-4A0D-9430-4B4E3D1C2F7C}.Debug|Any CPU.ActiveCfg = Debug|Any CPU
		{69B35DFB-F4B3-4A0D-9430-4B4E3D1C2F7C}.Debug|Any CPU.Build.0 = Debug|Any CPU
		{69B35DFB-F4B3-4A0D-9430-4B4E3D1C2F7C}.Release|Any CPU.ActiveCfg = Release|Any CPU
		{69B35DFB-F4B3-4A0D-9430-4B4E3D1C2F7C}.Release|Any CPU.Build.0 = Release|Any CPU
	EndGlobalSection
	GlobalSection(SolutionProperties) = preSolution
		HideSolutionNode = FALSE
	EndGlobalSection
	GlobalSection(ExtensibilityGlobals) = postSolution
		SolutionGuid = {6372EAA5-72B6-4720-AB99-6A70E04FDF53}
	EndGlobalSection
EndGlobal
