
Microsoft Visual Studio Solution File, Format Version 12.00
# Visual Studio Version 16
VisualStudioVersion = 16.0.29509.3
MinimumVisualStudioVersion = 10.0.40219.1
Project("{2150E333-8FDC-42A3-9474-1A3956D46DE8}") = "BLOOD BANK", "BLOOD BANK", "{A588F22F-093D-47AE-AF56-DC74AC44E5CC}"
EndProject
Project("{2150E333-8FDC-42A3-9474-1A3956D46DE8}") = "Donor Management", "Donor Management", "{F27FF1F9-9EAA-4DF0-9800-914EC441D334}"
EndProject
Project("{2150E333-8FDC-42A3-9474-1A3956D46DE8}") = "Result Managment", "Result Managment", "{180263F3-CA48-428E-925D-3E182828F07E}"
EndProject
Project("{2150E333-8FDC-42A3-9474-1A3956D46DE8}") = "ANATOMICAL PATHOLOGY", "ANATOMICAL PATHOLOGY", "{E4328CAE-AD0E-4D3B-858B-B7975C4DA442}"
EndProject
Project("{2150E333-8FDC-42A3-9474-1A3956D46DE8}") = "Result Management", "Result Management", "{B1511D4C-A335-4FF5-AA5C-B77DB969BEB7}"
EndProject
Project("{2150E333-8FDC-42A3-9474-1A3956D46DE8}") = "Sample Management", "Sample Management", "{AFB02848-DD6E-425F-83DE-699515B94ABB}"
EndProject
Project("{9A19103F-16F7-4668-BE54-9A1E7A4F7556}") = "ApResultEntry", "ANATOMICAL PATHOLOGY\Result Management\ApResultEntry\ApResultEntry.csproj", "{E05DC7BC-8B70-4E17-8CFB-21D8AF887B93}"
EndProject
Project("{9A19103F-16F7-4668-BE54-9A1E7A4F7556}") = "RegisterDonor", "BLOOD BANK\DonorManagement\DonationRegistration\RegisterDonor.csproj", "{A130C774-6A9B-4C7F-9D17-366BACC0D083}"
EndProject
Project("{9A19103F-16F7-4668-BE54-9A1E7A4F7556}") = "BloodBankResultEntry", "BLOOD BANK\ResultManagement\BloodBankResultEntry\BloodBankResultEntry.csproj", "{A540B06A-F707-4A22-8D7A-E6C05DD3BA15}"
EndProject
Project("{9A19103F-16F7-4668-BE54-9A1E7A4F7556}") = "PapSmearResultEntry", "ANATOMICAL PATHOLOGY\Result Management\PapSmearResultEntry\PapSmearResultEntry.csproj", "{6EAB2349-9494-4A14-9177-07B397F3937F}"
EndProject
Project("{9A19103F-16F7-4668-BE54-9A1E7A4F7556}") = "ApSampleReception", "ANATOMICAL PATHOLOGY\Sample Management\ApSampleReception\ApSampleReception.csproj", "{DF20CA81-9CFC-43EF-95CF-B1CE0C7A4402}"
EndProject
Project("{2150E333-8FDC-42A3-9474-1A3956D46DE8}") = "OTHERS", "OTHERS", "{C9A858B3-0C7D-4FC8-90DC-456EF757465B}"
EndProject
Project("{9A19103F-16F7-4668-BE54-9A1E7A4F7556}") = "EntityFrameworkExample", "OTHERS\EntityFrameworkExample\EntityFrameworkExample.csproj", "{6B5E86C2-BA8C-4A93-BCDC-BC596B175E03}"
EndProject
Project("{9A19103F-16F7-4668-BE54-9A1E7A4F7556}") = "SampleCookieAuthentication", "OTHERS\SampleCookieAuthentication\SampleCookieAuthentication.csproj", "{E8C01500-1D0D-48DF-A902-CAA2B99F4260}"
EndProject
Project("{9A19103F-16F7-4668-BE54-9A1E7A4F7556}") = "SampleDatabaseIdentityAuthentication", "OTHERS\SampleDatabaseIdentityAuthentication\SampleDatabaseIdentityAuthentication.csproj", "{BCE2D775-345A-4569-A60F-AD6DC3D46AD3}"
EndProject
Project("{9A19103F-16F7-4668-BE54-9A1E7A4F7556}") = "BlockAndSlide", "ANATOMICAL PATHOLOGY\Sample Management\BlockAndSlide\BlockAndSlide.csproj", "{ABBD3CE0-C164-481F-B65F-AC323B5C7E31}"
EndProject
Project("{9A19103F-16F7-4668-BE54-9A1E7A4F7556}") = "ApLandingPage", "ANATOMICAL PATHOLOGY\ApLandingPage\ApLandingPage.csproj", "{EF13B5F6-F45A-4082-9163-932C449FFC13}"
EndProject
Project("{9A19103F-16F7-4668-BE54-9A1E7A4F7556}") = "BbLandingPage", "BLOOD BANK\BbLandingPage\BbLandingPage.csproj", "{7360E472-0716-4F3E-ACB0-4F64ECF4DB58}"
EndProject
Project("{9A19103F-16F7-4668-BE54-9A1E7A4F7556}") = "CloudImsCommon", "CloudImsCommon\CloudImsCommon.csproj", "{EB011950-6FE8-4288-BED0-5DAA6C345E40}"
EndProject
Project("{9A19103F-16F7-4668-BE54-9A1E7A4F7556}") = "Cloud-IMS", "Cloud-IMS\Cloud-IMS.csproj", "{55F034FA-DC73-44DE-8AD9-39D4B45673E3}"
EndProject
Global
	GlobalSection(SolutionConfigurationPlatforms) = preSolution
		Debug|Any CPU = Debug|Any CPU
		Release|Any CPU = Release|Any CPU
	EndGlobalSection
	GlobalSection(ProjectConfigurationPlatforms) = postSolution
		{E05DC7BC-8B70-4E17-8CFB-21D8AF887B93}.Debug|Any CPU.ActiveCfg = Debug|Any CPU
		{E05DC7BC-8B70-4E17-8CFB-21D8AF887B93}.Debug|Any CPU.Build.0 = Debug|Any CPU
		{E05DC7BC-8B70-4E17-8CFB-21D8AF887B93}.Release|Any CPU.ActiveCfg = Release|Any CPU
		{E05DC7BC-8B70-4E17-8CFB-21D8AF887B93}.Release|Any CPU.Build.0 = Release|Any CPU
		{A130C774-6A9B-4C7F-9D17-366BACC0D083}.Debug|Any CPU.ActiveCfg = Debug|Any CPU
		{A130C774-6A9B-4C7F-9D17-366BACC0D083}.Debug|Any CPU.Build.0 = Debug|Any CPU
		{A130C774-6A9B-4C7F-9D17-366BACC0D083}.Release|Any CPU.ActiveCfg = Release|Any CPU
		{A130C774-6A9B-4C7F-9D17-366BACC0D083}.Release|Any CPU.Build.0 = Release|Any CPU
		{A540B06A-F707-4A22-8D7A-E6C05DD3BA15}.Debug|Any CPU.ActiveCfg = Debug|Any CPU
		{A540B06A-F707-4A22-8D7A-E6C05DD3BA15}.Debug|Any CPU.Build.0 = Debug|Any CPU
		{A540B06A-F707-4A22-8D7A-E6C05DD3BA15}.Release|Any CPU.ActiveCfg = Release|Any CPU
		{A540B06A-F707-4A22-8D7A-E6C05DD3BA15}.Release|Any CPU.Build.0 = Release|Any CPU
		{6EAB2349-9494-4A14-9177-07B397F3937F}.Debug|Any CPU.ActiveCfg = Debug|Any CPU
		{6EAB2349-9494-4A14-9177-07B397F3937F}.Debug|Any CPU.Build.0 = Debug|Any CPU
		{6EAB2349-9494-4A14-9177-07B397F3937F}.Release|Any CPU.ActiveCfg = Release|Any CPU
		{6EAB2349-9494-4A14-9177-07B397F3937F}.Release|Any CPU.Build.0 = Release|Any CPU
		{DF20CA81-9CFC-43EF-95CF-B1CE0C7A4402}.Debug|Any CPU.ActiveCfg = Debug|Any CPU
		{DF20CA81-9CFC-43EF-95CF-B1CE0C7A4402}.Debug|Any CPU.Build.0 = Debug|Any CPU
		{DF20CA81-9CFC-43EF-95CF-B1CE0C7A4402}.Release|Any CPU.ActiveCfg = Release|Any CPU
		{DF20CA81-9CFC-43EF-95CF-B1CE0C7A4402}.Release|Any CPU.Build.0 = Release|Any CPU
		{6B5E86C2-BA8C-4A93-BCDC-BC596B175E03}.Debug|Any CPU.ActiveCfg = Debug|Any CPU
		{6B5E86C2-BA8C-4A93-BCDC-BC596B175E03}.Debug|Any CPU.Build.0 = Debug|Any CPU
		{6B5E86C2-BA8C-4A93-BCDC-BC596B175E03}.Release|Any CPU.ActiveCfg = Release|Any CPU
		{6B5E86C2-BA8C-4A93-BCDC-BC596B175E03}.Release|Any CPU.Build.0 = Release|Any CPU
		{E8C01500-1D0D-48DF-A902-CAA2B99F4260}.Debug|Any CPU.ActiveCfg = Debug|Any CPU
		{E8C01500-1D0D-48DF-A902-CAA2B99F4260}.Debug|Any CPU.Build.0 = Debug|Any CPU
		{E8C01500-1D0D-48DF-A902-CAA2B99F4260}.Release|Any CPU.ActiveCfg = Release|Any CPU
		{E8C01500-1D0D-48DF-A902-CAA2B99F4260}.Release|Any CPU.Build.0 = Release|Any CPU
		{BCE2D775-345A-4569-A60F-AD6DC3D46AD3}.Debug|Any CPU.ActiveCfg = Debug|Any CPU
		{BCE2D775-345A-4569-A60F-AD6DC3D46AD3}.Debug|Any CPU.Build.0 = Debug|Any CPU
		{BCE2D775-345A-4569-A60F-AD6DC3D46AD3}.Release|Any CPU.ActiveCfg = Release|Any CPU
		{BCE2D775-345A-4569-A60F-AD6DC3D46AD3}.Release|Any CPU.Build.0 = Release|Any CPU
		{ABBD3CE0-C164-481F-B65F-AC323B5C7E31}.Debug|Any CPU.ActiveCfg = Debug|Any CPU
		{ABBD3CE0-C164-481F-B65F-AC323B5C7E31}.Debug|Any CPU.Build.0 = Debug|Any CPU
		{ABBD3CE0-C164-481F-B65F-AC323B5C7E31}.Release|Any CPU.ActiveCfg = Release|Any CPU
		{ABBD3CE0-C164-481F-B65F-AC323B5C7E31}.Release|Any CPU.Build.0 = Release|Any CPU
		{EF13B5F6-F45A-4082-9163-932C449FFC13}.Debug|Any CPU.ActiveCfg = Debug|Any CPU
		{EF13B5F6-F45A-4082-9163-932C449FFC13}.Debug|Any CPU.Build.0 = Debug|Any CPU
		{EF13B5F6-F45A-4082-9163-932C449FFC13}.Release|Any CPU.ActiveCfg = Release|Any CPU
		{EF13B5F6-F45A-4082-9163-932C449FFC13}.Release|Any CPU.Build.0 = Release|Any CPU
		{7360E472-0716-4F3E-ACB0-4F64ECF4DB58}.Debug|Any CPU.ActiveCfg = Debug|Any CPU
		{7360E472-0716-4F3E-ACB0-4F64ECF4DB58}.Debug|Any CPU.Build.0 = Debug|Any CPU
		{7360E472-0716-4F3E-ACB0-4F64ECF4DB58}.Release|Any CPU.ActiveCfg = Release|Any CPU
		{7360E472-0716-4F3E-ACB0-4F64ECF4DB58}.Release|Any CPU.Build.0 = Release|Any CPU
		{EB011950-6FE8-4288-BED0-5DAA6C345E40}.Debug|Any CPU.ActiveCfg = Debug|Any CPU
		{EB011950-6FE8-4288-BED0-5DAA6C345E40}.Debug|Any CPU.Build.0 = Debug|Any CPU
		{EB011950-6FE8-4288-BED0-5DAA6C345E40}.Release|Any CPU.ActiveCfg = Release|Any CPU
		{EB011950-6FE8-4288-BED0-5DAA6C345E40}.Release|Any CPU.Build.0 = Release|Any CPU
		{55F034FA-DC73-44DE-8AD9-39D4B45673E3}.Debug|Any CPU.ActiveCfg = Debug|Any CPU
		{55F034FA-DC73-44DE-8AD9-39D4B45673E3}.Debug|Any CPU.Build.0 = Debug|Any CPU
		{55F034FA-DC73-44DE-8AD9-39D4B45673E3}.Release|Any CPU.ActiveCfg = Release|Any CPU
		{55F034FA-DC73-44DE-8AD9-39D4B45673E3}.Release|Any CPU.Build.0 = Release|Any CPU
	EndGlobalSection
	GlobalSection(SolutionProperties) = preSolution
		HideSolutionNode = FALSE
	EndGlobalSection
	GlobalSection(NestedProjects) = preSolution
		{F27FF1F9-9EAA-4DF0-9800-914EC441D334} = {A588F22F-093D-47AE-AF56-DC74AC44E5CC}
		{180263F3-CA48-428E-925D-3E182828F07E} = {A588F22F-093D-47AE-AF56-DC74AC44E5CC}
		{B1511D4C-A335-4FF5-AA5C-B77DB969BEB7} = {E4328CAE-AD0E-4D3B-858B-B7975C4DA442}
		{AFB02848-DD6E-425F-83DE-699515B94ABB} = {E4328CAE-AD0E-4D3B-858B-B7975C4DA442}
		{E05DC7BC-8B70-4E17-8CFB-21D8AF887B93} = {B1511D4C-A335-4FF5-AA5C-B77DB969BEB7}
		{A130C774-6A9B-4C7F-9D17-366BACC0D083} = {F27FF1F9-9EAA-4DF0-9800-914EC441D334}
		{A540B06A-F707-4A22-8D7A-E6C05DD3BA15} = {180263F3-CA48-428E-925D-3E182828F07E}
		{6EAB2349-9494-4A14-9177-07B397F3937F} = {B1511D4C-A335-4FF5-AA5C-B77DB969BEB7}
		{DF20CA81-9CFC-43EF-95CF-B1CE0C7A4402} = {AFB02848-DD6E-425F-83DE-699515B94ABB}
		{6B5E86C2-BA8C-4A93-BCDC-BC596B175E03} = {C9A858B3-0C7D-4FC8-90DC-456EF757465B}
		{E8C01500-1D0D-48DF-A902-CAA2B99F4260} = {C9A858B3-0C7D-4FC8-90DC-456EF757465B}
		{BCE2D775-345A-4569-A60F-AD6DC3D46AD3} = {C9A858B3-0C7D-4FC8-90DC-456EF757465B}
		{ABBD3CE0-C164-481F-B65F-AC323B5C7E31} = {AFB02848-DD6E-425F-83DE-699515B94ABB}
		{EF13B5F6-F45A-4082-9163-932C449FFC13} = {E4328CAE-AD0E-4D3B-858B-B7975C4DA442}
		{7360E472-0716-4F3E-ACB0-4F64ECF4DB58} = {A588F22F-093D-47AE-AF56-DC74AC44E5CC}
	EndGlobalSection
	GlobalSection(ExtensibilityGlobals) = postSolution
		SolutionGuid = {6372EAA5-72B6-4720-AB99-6A70E04FDF53}
	EndGlobalSection
EndGlobal
