
Microsoft Visual Studio Solution File, Format Version 12.00
# Visual Studio Version 16
VisualStudioVersion = 16.0.29509.3
MinimumVisualStudioVersion = 10.0.40219.1
Project("{9A19103F-16F7-4668-BE54-9A1E7A4F7556}") = "CloudImsCommon", "CloudImsCommon\CloudImsCommon.csproj", "{EB011950-6FE8-4288-BED0-5DAA6C345E40}"
EndProject
Project("{9A19103F-16F7-4668-BE54-9A1E7A4F7556}") = "Cloud-IMS", "Cloud-IMS\Cloud-IMS.csproj", "{55F034FA-DC73-44DE-8AD9-39D4B45673E3}"
EndProject
Project("{2150E333-8FDC-42A3-9474-1A3956D46DE8}") = "DATA DICTIONARY", "DATA DICTIONARY", "{EE595B61-3DB8-42BE-B665-9A2D79A09C73}"
EndProject
Project("{9A19103F-16F7-4668-BE54-9A1E7A4F7556}") = "DIC_ITMSRT_ItemMaster", "DATA DICTIONARY\DIC_ITMSRT_ItemMaster\DIC_ITMSRT_ItemMaster.csproj", "{2DFDD816-8547-4848-A217-765FBF3DD227}"
EndProject
Project("{9A19103F-16F7-4668-BE54-9A1E7A4F7556}") = "DIC_ITMGRP_ItemGroup", "DATA DICTIONARY\DIC_ITMGRP_ItemGroup\DIC_ITMGRP_ItemGroup.csproj", "{45958A37-3291-4CC5-ADBA-840C1AD76FCF}"
EndProject
Project("{9A19103F-16F7-4668-BE54-9A1E7A4F7556}") = "DIC_ITUNIT_Unit", "DATA DICTIONARY\DIC_ITMUNIT_Unit\DIC_ITUNIT_Unit.csproj", "{0DC62DC3-81C6-4972-A345-B2E96AFF29E2}"
EndProject
Project("{9A19103F-16F7-4668-BE54-9A1E7A4F7556}") = "DIC_MANUFACT_Manufacturer", "DATA DICTIONARY\DIC_MANUFACT_Manufacturer\DIC_MANUFACT_Manufacturer.csproj", "{3E2D0A8F-1757-496C-8B2C-863AB349837C}"
EndProject
Project("{9A19103F-16F7-4668-BE54-9A1E7A4F7556}") = "DIC_SUPPLIER_Supplier", "DATA DICTIONARY\DIC_SUPPLIER_Supplier\DIC_SUPPLIER_Supplier.csproj", "{7C9ACDDD-DE55-4E02-864F-68F6F1CCBCC2}"
EndProject
Project("{9A19103F-16F7-4668-BE54-9A1E7A4F7556}") = "Cloud-IMS-Api", "Cloud-IMS-Api\Cloud-IMS-Api.csproj", "{9F5C0003-2256-4B66-9D75-2808441013E7}"
EndProject
Project("{9A19103F-16F7-4668-BE54-9A1E7A4F7556}") = "Cloud-IMS-App", "Cloud-IMS-App\Cloud-IMS-App.csproj", "{69B35DFB-F4B3-4A0D-9430-4B4E3D1C2F7C}"
EndProject
Global
	GlobalSection(SolutionConfigurationPlatforms) = preSolution
		Debug|Any CPU = Debug|Any CPU
		Release|Any CPU = Release|Any CPU
	EndGlobalSection
	GlobalSection(ProjectConfigurationPlatforms) = postSolution
		{EB011950-6FE8-4288-BED0-5DAA6C345E40}.Debug|Any CPU.ActiveCfg = Debug|Any CPU
		{EB011950-6FE8-4288-BED0-5DAA6C345E40}.Debug|Any CPU.Build.0 = Debug|Any CPU
		{EB011950-6FE8-4288-BED0-5DAA6C345E40}.Release|Any CPU.ActiveCfg = Release|Any CPU
		{EB011950-6FE8-4288-BED0-5DAA6C345E40}.Release|Any CPU.Build.0 = Release|Any CPU
		{55F034FA-DC73-44DE-8AD9-39D4B45673E3}.Debug|Any CPU.ActiveCfg = Debug|Any CPU
		{55F034FA-DC73-44DE-8AD9-39D4B45673E3}.Debug|Any CPU.Build.0 = Debug|Any CPU
		{55F034FA-DC73-44DE-8AD9-39D4B45673E3}.Release|Any CPU.ActiveCfg = Release|Any CPU
		{55F034FA-DC73-44DE-8AD9-39D4B45673E3}.Release|Any CPU.Build.0 = Release|Any CPU
		{2DFDD816-8547-4848-A217-765FBF3DD227}.Debug|Any CPU.ActiveCfg = Debug|Any CPU
		{2DFDD816-8547-4848-A217-765FBF3DD227}.Debug|Any CPU.Build.0 = Debug|Any CPU
		{2DFDD816-8547-4848-A217-765FBF3DD227}.Release|Any CPU.ActiveCfg = Release|Any CPU
		{2DFDD816-8547-4848-A217-765FBF3DD227}.Release|Any CPU.Build.0 = Release|Any CPU
		{45958A37-3291-4CC5-ADBA-840C1AD76FCF}.Debug|Any CPU.ActiveCfg = Debug|Any CPU
		{45958A37-3291-4CC5-ADBA-840C1AD76FCF}.Debug|Any CPU.Build.0 = Debug|Any CPU
		{45958A37-3291-4CC5-ADBA-840C1AD76FCF}.Release|Any CPU.ActiveCfg = Release|Any CPU
		{45958A37-3291-4CC5-ADBA-840C1AD76FCF}.Release|Any CPU.Build.0 = Release|Any CPU
		{0DC62DC3-81C6-4972-A345-B2E96AFF29E2}.Debug|Any CPU.ActiveCfg = Debug|Any CPU
		{0DC62DC3-81C6-4972-A345-B2E96AFF29E2}.Debug|Any CPU.Build.0 = Debug|Any CPU
		{0DC62DC3-81C6-4972-A345-B2E96AFF29E2}.Release|Any CPU.ActiveCfg = Release|Any CPU
		{0DC62DC3-81C6-4972-A345-B2E96AFF29E2}.Release|Any CPU.Build.0 = Release|Any CPU
		{3E2D0A8F-1757-496C-8B2C-863AB349837C}.Debug|Any CPU.ActiveCfg = Debug|Any CPU
		{3E2D0A8F-1757-496C-8B2C-863AB349837C}.Debug|Any CPU.Build.0 = Debug|Any CPU
		{3E2D0A8F-1757-496C-8B2C-863AB349837C}.Release|Any CPU.ActiveCfg = Release|Any CPU
		{3E2D0A8F-1757-496C-8B2C-863AB349837C}.Release|Any CPU.Build.0 = Release|Any CPU
		{7C9ACDDD-DE55-4E02-864F-68F6F1CCBCC2}.Debug|Any CPU.ActiveCfg = Debug|Any CPU
		{7C9ACDDD-DE55-4E02-864F-68F6F1CCBCC2}.Debug|Any CPU.Build.0 = Debug|Any CPU
		{7C9ACDDD-DE55-4E02-864F-68F6F1CCBCC2}.Release|Any CPU.ActiveCfg = Release|Any CPU
		{7C9ACDDD-DE55-4E02-864F-68F6F1CCBCC2}.Release|Any CPU.Build.0 = Release|Any CPU
		{9F5C0003-2256-4B66-9D75-2808441013E7}.Debug|Any CPU.ActiveCfg = Debug|Any CPU
		{9F5C0003-2256-4B66-9D75-2808441013E7}.Debug|Any CPU.Build.0 = Debug|Any CPU
		{9F5C0003-2256-4B66-9D75-2808441013E7}.Release|Any CPU.ActiveCfg = Release|Any CPU
		{9F5C0003-2256-4B66-9D75-2808441013E7}.Release|Any CPU.Build.0 = Release|Any CPU
		{69B35DFB-F4B3-4A0D-9430-4B4E3D1C2F7C}.Debug|Any CPU.ActiveCfg = Debug|Any CPU
		{69B35DFB-F4B3-4A0D-9430-4B4E3D1C2F7C}.Debug|Any CPU.Build.0 = Debug|Any CPU
		{69B35DFB-F4B3-4A0D-9430-4B4E3D1C2F7C}.Release|Any CPU.ActiveCfg = Release|Any CPU
		{69B35DFB-F4B3-4A0D-9430-4B4E3D1C2F7C}.Release|Any CPU.Build.0 = Release|Any CPU
	EndGlobalSection
	GlobalSection(SolutionProperties) = preSolution
		HideSolutionNode = FALSE
	EndGlobalSection
	GlobalSection(NestedProjects) = preSolution
		{2DFDD816-8547-4848-A217-765FBF3DD227} = {EE595B61-3DB8-42BE-B665-9A2D79A09C73}
		{45958A37-3291-4CC5-ADBA-840C1AD76FCF} = {EE595B61-3DB8-42BE-B665-9A2D79A09C73}
		{0DC62DC3-81C6-4972-A345-B2E96AFF29E2} = {EE595B61-3DB8-42BE-B665-9A2D79A09C73}
		{3E2D0A8F-1757-496C-8B2C-863AB349837C} = {EE595B61-3DB8-42BE-B665-9A2D79A09C73}
		{7C9ACDDD-DE55-4E02-864F-68F6F1CCBCC2} = {EE595B61-3DB8-42BE-B665-9A2D79A09C73}
	EndGlobalSection
	GlobalSection(ExtensibilityGlobals) = postSolution
		SolutionGuid = {6372EAA5-72B6-4720-AB99-6A70E04FDF53}
	EndGlobalSection
EndGlobal
