{
  "requires": true,
  "lockfileVersion": 1,
  "dependencies": {
    "@types/xlsx": {
      "version": "0.0.34",
      "resolved": "https://registry.npmjs.org/@types/xlsx/-/xlsx-0.0.34.tgz",
      "integrity": "sha1-K0nmDcvTVTpr8hGjrxpvTHyyyLk="
    },
    "ts-xlsx": {
      "version": "0.0.11",
      "resolved": "https://registry.npmjs.org/ts-xlsx/-/ts-xlsx-0.0.11.tgz",
      "integrity": "sha1-Wl+83Q9Z1VjCh69MdP1eqaS76zk=",
      "requires": {
        "@types/xlsx": "0.0.34"
      }
    }
  }
}
